// !$*UTF8*$!
{
	archiveVersion = 1;
	classes = {
	};
	objectVersion = 50;
	objects = {

/* Begin PBXBuildFile section */
		6FDE2F1A267CD4070082FE21 /* AppDelegate.swift in Sources */ = {isa = PBXBuildFile; fileRef = 6FDE2F19267CD4070082FE21 /* AppDelegate.swift */; };
		6FDE2F1C267CD4070082FE21 /* SceneDelegate.swift in Sources */ = {isa = PBXBuildFile; fileRef = 6FDE2F1B267CD4070082FE21 /* SceneDelegate.swift */; };
		6FDE2F1E267CD4070082FE21 /* HomeController.swift in Sources */ = {isa = PBXBuildFile; fileRef = 6FDE2F1D267CD4070082FE21 /* HomeController.swift */; };
		6FDE2F21267CD4070082FE21 /* Main.storyboard in Resources */ = {isa = PBXBuildFile; fileRef = 6FDE2F1F267CD4070082FE21 /* Main.storyboard */; };
		6FDE2F23267CD4090082FE21 /* Assets.xcassets in Resources */ = {isa = PBXBuildFile; fileRef = 6FDE2F22267CD4090082FE21 /* Assets.xcassets */; };
		6FDE2F26267CD4090082FE21 /* LaunchScreen.storyboard in Resources */ = {isa = PBXBuildFile; fileRef = 6FDE2F24267CD4090082FE21 /* LaunchScreen.storyboard */; };
		6FDE2F32267CD54B0082FE21 /* Poppins-Medium.ttf in Resources */ = {isa = PBXBuildFile; fileRef = 6FDE2F2E267CD54B0082FE21 /* Poppins-Medium.ttf */; };
		6FDE2F33267CD54B0082FE21 /* Poppins-Regular.ttf in Resources */ = {isa = PBXBuildFile; fileRef = 6FDE2F2F267CD54B0082FE21 /* Poppins-Regular.ttf */; };
		6FDE2F34267CD54B0082FE21 /* Poppins-Bold.ttf in Resources */ = {isa = PBXBuildFile; fileRef = 6FDE2F30267CD54B0082FE21 /* Poppins-Bold.ttf */; };
		6FDE2F35267CD54B0082FE21 /* Poppins-SemiBold.ttf in Resources */ = {isa = PBXBuildFile; fileRef = 6FDE2F31267CD54B0082FE21 /* Poppins-SemiBold.ttf */; };
		6FDE2F42267CD5690082FE21 /* Config.swift in Sources */ = {isa = PBXBuildFile; fileRef = 6FDE2F3C267CD5690082FE21 /* Config.swift */; };
		6FDE2F44267CD5690082FE21 /* UIAlert-Extention.swift in Sources */ = {isa = PBXBuildFile; fileRef = 6FDE2F3F267CD5690082FE21 /* UIAlert-Extention.swift */; };
		6FDE2F45267CD5690082FE21 /* UIActivityIndicator-Extention.swift in Sources */ = {isa = PBXBuildFile; fileRef = 6FDE2F40267CD5690082FE21 /* UIActivityIndicator-Extention.swift */; };
		6FDE2F46267CD5690082FE21 /* UITableView-Extention.swift in Sources */ = {isa = PBXBuildFile; fileRef = 6FDE2F41267CD5690082FE21 /* UITableView-Extention.swift */; };
/* End PBXBuildFile section */

/* Begin PBXFileReference section */
		6FDE2F16267CD4070082FE21 /* Random Users.app */ = {isa = PBXFileReference; explicitFileType = wrapper.application; includeInIndex = 0; path = "Random Users.app"; sourceTree = BUILT_PRODUCTS_DIR; };
		6FDE2F19267CD4070082FE21 /* AppDelegate.swift */ = {isa = PBXFileReference; lastKnownFileType = sourcecode.swift; path = AppDelegate.swift; sourceTree = "<group>"; };
		6FDE2F1B267CD4070082FE21 /* SceneDelegate.swift */ = {isa = PBXFileReference; lastKnownFileType = sourcecode.swift; path = SceneDelegate.swift; sourceTree = "<group>"; };
		6FDE2F1D267CD4070082FE21 /* HomeController.swift */ = {isa = PBXFileReference; lastKnownFileType = sourcecode.swift; path = HomeController.swift; sourceTree = "<group>"; };
		6FDE2F20267CD4070082FE21 /* Base */ = {isa = PBXFileReference; lastKnownFileType = file.storyboard; name = Base; path = Base.lproj/Main.storyboard; sourceTree = "<group>"; };
		6FDE2F22267CD4090082FE21 /* Assets.xcassets */ = {isa = PBXFileReference; lastKnownFileType = folder.assetcatalog; path = Assets.xcassets; sourceTree = "<group>"; };
		6FDE2F25267CD4090082FE21 /* Base */ = {isa = PBXFileReference; lastKnownFileType = file.storyboard; name = Base; path = Base.lproj/LaunchScreen.storyboard; sourceTree = "<group>"; };
		6FDE2F27267CD4090082FE21 /* Info.plist */ = {isa = PBXFileReference; lastKnownFileType = text.plist.xml; path = Info.plist; sourceTree = "<group>"; };
		6FDE2F2E267CD54B0082FE21 /* Poppins-Medium.ttf */ = {isa = PBXFileReference; lastKnownFileType = file; path = "Poppins-Medium.ttf"; sourceTree = "<group>"; };
		6FDE2F2F267CD54B0082FE21 /* Poppins-Regular.ttf */ = {isa = PBXFileReference; lastKnownFileType = file; path = "Poppins-Regular.ttf"; sourceTree = "<group>"; };
		6FDE2F30267CD54B0082FE21 /* Poppins-Bold.ttf */ = {isa = PBXFileReference; lastKnownFileType = file; path = "Poppins-Bold.ttf"; sourceTree = "<group>"; };
		6FDE2F31267CD54B0082FE21 /* Poppins-SemiBold.ttf */ = {isa = PBXFileReference; lastKnownFileType = file; path = "Poppins-SemiBold.ttf"; sourceTree = "<group>"; };
		6FDE2F3C267CD5690082FE21 /* Config.swift */ = {isa = PBXFileReference; fileEncoding = 4; lastKnownFileType = sourcecode.swift; path = Config.swift; sourceTree = "<group>"; };
		6FDE2F3F267CD5690082FE21 /* UIAlert-Extention.swift */ = {isa = PBXFileReference; fileEncoding = 4; lastKnownFileType = sourcecode.swift; path = "UIAlert-Extention.swift"; sourceTree = "<group>"; };
		6FDE2F40267CD5690082FE21 /* UIActivityIndicator-Extention.swift */ = {isa = PBXFileReference; fileEncoding = 4; lastKnownFileType = sourcecode.swift; path = "UIActivityIndicator-Extention.swift"; sourceTree = "<group>"; };
		6FDE2F41267CD5690082FE21 /* UITableView-Extention.swift */ = {isa = PBXFileReference; fileEncoding = 4; lastKnownFileType = sourcecode.swift; path = "UITableView-Extention.swift"; sourceTree = "<group>"; };
/* End PBXFileReference section */

/* Begin PBXFrameworksBuildPhase section */
		6FDE2F13267CD4070082FE21 /* Frameworks */ = {
			isa = PBXFrameworksBuildPhase;
			buildActionMask = 2147483647;
			files = (
			);
			runOnlyForDeploymentPostprocessing = 0;
		};
/* End PBXFrameworksBuildPhase section */

/* Begin PBXGroup section */
		6FDE2F0D267CD4070082FE21 = {
			isa = PBXGroup;
			children = (
				6FDE2F18267CD4070082FE21 /* Random Users */,
				6FDE2F17267CD4070082FE21 /* Products */,
			);
			sourceTree = "<group>";
		};
		6FDE2F17267CD4070082FE21 /* Products */ = {
			isa = PBXGroup;
			children = (
				6FDE2F16267CD4070082FE21 /* Random Users.app */,
			);
			name = Products;
			sourceTree = "<group>";
		};
		6FDE2F18267CD4070082FE21 /* Random Users */ = {
			isa = PBXGroup;
			children = (
				6FDE2F2D267CD54B0082FE21 /* Poppins Font */,
				6FDE2F3D267CD5690082FE21 /* Extensions */,
				6FDE2F47267CDDB30082FE21 /* Views */,
				6FDE2F48267CEF460082FE21 /* Home */,
				6FDE2F3B267CD5690082FE21 /* Util */,
				6FDE2F19267CD4070082FE21 /* AppDelegate.swift */,
				6FDE2F1B267CD4070082FE21 /* SceneDelegate.swift */,
				6FDE2F27267CD4090082FE21 /* Info.plist */,
			);
			path = "Random Users";
			sourceTree = "<group>";
		};
		6FDE2F2D267CD54B0082FE21 /* Poppins Font */ = {
			isa = PBXGroup;
			children = (
				6FDE2F2F267CD54B0082FE21 /* Poppins-Regular.ttf */,
				6FDE2F2E267CD54B0082FE21 /* Poppins-Medium.ttf */,
				6FDE2F31267CD54B0082FE21 /* Poppins-SemiBold.ttf */,
				6FDE2F30267CD54B0082FE21 /* Poppins-Bold.ttf */,
			);
			path = "Poppins Font";
			sourceTree = "<group>";
		};
		6FDE2F3B267CD5690082FE21 /* Util */ = {
			isa = PBXGroup;
			children = (
				6FDE2F3C267CD5690082FE21 /* Config.swift */,
			);
			path = Util;
			sourceTree = "<group>";
		};
		6FDE2F3D267CD5690082FE21 /* Extensions */ = {
			isa = PBXGroup;
			children = (
				6FDE2F3F267CD5690082FE21 /* UIAlert-Extention.swift */,
				6FDE2F40267CD5690082FE21 /* UIActivityIndicator-Extention.swift */,
				6FDE2F41267CD5690082FE21 /* UITableView-Extention.swift */,
			);
			path = Extensions;
			sourceTree = "<group>";
		};
		6FDE2F47267CDDB30082FE21 /* Views */ = {
			isa = PBXGroup;
			children = (
				6FDE2F1F267CD4070082FE21 /* Main.storyboard */,
				6FDE2F22267CD4090082FE21 /* Assets.xcassets */,
				6FDE2F24267CD4090082FE21 /* LaunchScreen.storyboard */,
			);
			path = Views;
			sourceTree = "<group>";
		};
		6FDE2F48267CEF460082FE21 /* Home */ = {
			isa = PBXGroup;
			children = (
				6FDE2F1D267CD4070082FE21 /* HomeController.swift */,
			);
			path = Home;
			sourceTree = "<group>";
		};
/* End PBXGroup section */

/* Begin PBXNativeTarget section */
		6FDE2F15267CD4070082FE21 /* Random Users */ = {
			isa = PBXNativeTarget;
			buildConfigurationList = 6FDE2F2A267CD4090082FE21 /* Build configuration list for PBXNativeTarget "Random Users" */;
			buildPhases = (
				6FDE2F12267CD4070082FE21 /* Sources */,
				6FDE2F13267CD4070082FE21 /* Frameworks */,
				6FDE2F14267CD4070082FE21 /* Resources */,
			);
			buildRules = (
			);
			dependencies = (
			);
			name = "Random Users";
			productName = "Random Users";
			productReference = 6FDE2F16267CD4070082FE21 /* Random Users.app */;
			productType = "com.apple.product-type.application";
		};
/* End PBXNativeTarget section */

/* Begin PBXProject section */
		6FDE2F0E267CD4070082FE21 /* Project object */ = {
			isa = PBXProject;
			attributes = {
				LastSwiftUpdateCheck = 1250;
				LastUpgradeCheck = 1250;
				TargetAttributes = {
					6FDE2F15267CD4070082FE21 = {
						CreatedOnToolsVersion = 12.5;
					};
				};
			};
			buildConfigurationList = 6FDE2F11267CD4070082FE21 /* Build configuration list for PBXProject "Random Users" */;
			compatibilityVersion = "Xcode 9.3";
			developmentRegion = en;
			hasScannedForEncodings = 0;
			knownRegions = (
				en,
				Base,
			);
			mainGroup = 6FDE2F0D267CD4070082FE21;
			productRefGroup = 6FDE2F17267CD4070082FE21 /* Products */;
			projectDirPath = "";
			projectRoot = "";
			targets = (
				6FDE2F15267CD4070082FE21 /* Random Users */,
			);
		};
/* End PBXProject section */

/* Begin PBXResourcesBuildPhase section */
		6FDE2F14267CD4070082FE21 /* Resources */ = {
			isa = PBXResourcesBuildPhase;
			buildActionMask = 2147483647;
			files = (
				6FDE2F26267CD4090082FE21 /* LaunchScreen.storyboard in Resources */,
				6FDE2F35267CD54B0082FE21 /* Poppins-SemiBold.ttf in Resources */,
				6FDE2F34267CD54B0082FE21 /* Poppins-Bold.ttf in Resources */,
				6FDE2F32267CD54B0082FE21 /* Poppins-Medium.ttf in Resources */,
				6FDE2F23267CD4090082FE21 /* Assets.xcassets in Resources */,
				6FDE2F21267CD4070082FE21 /* Main.storyboard in Resources */,
				6FDE2F33267CD54B0082FE21 /* Poppins-Regular.ttf in Resources */,
			);
			runOnlyForDeploymentPostprocessing = 0;
		};
/* End PBXResourcesBuildPhase section */

/* Begin PBXSourcesBuildPhase section */
		6FDE2F12267CD4070082FE21 /* Sources */ = {
			isa = PBXSourcesBuildPhase;
			buildActionMask = 2147483647;
			files = (
				6FDE2F1E267CD4070082FE21 /* HomeController.swift in Sources */,
				6FDE2F44267CD5690082FE21 /* UIAlert-Extention.swift in Sources */,
				6FDE2F1A267CD4070082FE21 /* AppDelegate.swift in Sources */,
				6FDE2F46267CD5690082FE21 /* UITableView-Extention.swift in Sources */,
				6FDE2F45267CD5690082FE21 /* UIActivityIndicator-Extention.swift in Sources */,
				6FDE2F1C267CD4070082FE21 /* SceneDelegate.swift in Sources */,
				6FDE2F42267CD5690082FE21 /* Config.swift in Sources */,
			);
			runOnlyForDeploymentPostprocessing = 0;
		};
/* End PBXSourcesBuildPhase section */

/* Begin PBXVariantGroup section */
		6FDE2F1F267CD4070082FE21 /* Main.storyboard */ = {
			isa = PBXVariantGroup;
			children = (
				6FDE2F20267CD4070082FE21 /* Base */,
			);
			name = Main.storyboard;
			sourceTree = "<group>";
		};
		6FDE2F24267CD4090082FE21 /* LaunchScreen.storyboard */ = {
			isa = PBXVariantGroup;
			children = (
				6FDE2F25267CD4090082FE21 /* Base */,
			);
			name = LaunchScreen.storyboard;
			sourceTree = "<group>";
		};
/* End PBXVariantGroup section */

/* Begin XCBuildConfiguration section */
		6FDE2F28267CD4090082FE21 /* Debug */ = {
			isa = XCBuildConfiguration;
			buildSettings = {
				ALWAYS_SEARCH_USER_PATHS = NO;
				CLANG_ANALYZER_NONNULL = YES;
				CLANG_ANALYZER_NUMBER_OBJECT_CONVERSION = YES_AGGRESSIVE;
				CLANG_CXX_LANGUAGE_STANDARD = "gnu++14";
				CLANG_CXX_LIBRARY = "libc++";
				CLANG_ENABLE_MODULES = YES;
				CLANG_ENABLE_OBJC_ARC = YES;
				CLANG_ENABLE_OBJC_WEAK = YES;
				CLANG_WARN_BLOCK_CAPTURE_AUTORELEASING = YES;
				CLANG_WARN_BOOL_CONVERSION = YES;
				CLANG_WARN_COMMA = YES;
				CLANG_WARN_CONSTANT_CONVERSION = YES;
				CLANG_WARN_DEPRECATED_OBJC_IMPLEMENTATIONS = YES;
				CLANG_WARN_DIRECT_OBJC_ISA_USAGE = YES_ERROR;
				CLANG_WARN_DOCUMENTATION_COMMENTS = YES;
				CLANG_WARN_EMPTY_BODY = YES;
				CLANG_WARN_ENUM_CONVERSION = YES;
				CLANG_WARN_INFINITE_RECURSION = YES;
				CLANG_WARN_INT_CONVERSION = YES;
				CLANG_WARN_NON_LITERAL_NULL_CONVERSION = YES;
				CLANG_WARN_OBJC_IMPLICIT_RETAIN_SELF = YES;
				CLANG_WARN_OBJC_LITERAL_CONVERSION = YES;
				CLANG_WARN_OBJC_ROOT_CLASS = YES_ERROR;
				CLANG_WARN_QUOTED_INCLUDE_IN_FRAMEWORK_HEADER = YES;
				CLANG_WARN_RANGE_LOOP_ANALYSIS = YES;
				CLANG_WARN_STRICT_PROTOTYPES = YES;
				CLANG_WARN_SUSPICIOUS_MOVE = YES;
				CLANG_WARN_UNGUARDED_AVAILABILITY = YES_AGGRESSIVE;
				CLANG_WARN_UNREACHABLE_CODE = YES;
				CLANG_WARN__DUPLICATE_METHOD_MATCH = YES;
				COPY_PHASE_STRIP = NO;
				DEBUG_INFORMATION_FORMAT = dwarf;
				ENABLE_STRICT_OBJC_MSGSEND = YES;
				ENABLE_TESTABILITY = YES;
				GCC_C_LANGUAGE_STANDARD = gnu11;
				GCC_DYNAMIC_NO_PIC = NO;
				GCC_NO_COMMON_BLOCKS = YES;
				GCC_OPTIMIZATION_LEVEL = 0;
				GCC_PREPROCESSOR_DEFINITIONS = (
					"DEBUG=1",
					"$(inherited)",
				);
				GCC_WARN_64_TO_32_BIT_CONVERSION = YES;
				GCC_WARN_ABOUT_RETURN_TYPE = YES_ERROR;
				GCC_WARN_UNDECLARED_SELECTOR = YES;
				GCC_WARN_UNINITIALIZED_AUTOS = YES_AGGRESSIVE;
				GCC_WARN_UNUSED_FUNCTION = YES;
				GCC_WARN_UNUSED_VARIABLE = YES;
				IPHONEOS_DEPLOYMENT_TARGET = 14.1;
				MTL_ENABLE_DEBUG_INFO = INCLUDE_SOURCE;
				MTL_FAST_MATH = YES;
				ONLY_ACTIVE_ARCH = YES;
				SDKROOT = iphoneos;
				SWIFT_ACTIVE_COMPILATION_CONDITIONS = DEBUG;
				SWIFT_OPTIMIZATION_LEVEL = "-Onone";
			};
			name = Debug;
		};
		6FDE2F29267CD4090082FE21 /* Release */ = {
			isa = XCBuildConfiguration;
			buildSettings = {
				ALWAYS_SEARCH_USER_PATHS = NO;
				CLANG_ANALYZER_NONNULL = YES;
				CLANG_ANALYZER_NUMBER_OBJECT_CONVERSION = YES_AGGRESSIVE;
				CLANG_CXX_LANGUAGE_STANDARD = "gnu++14";
				CLANG_CXX_LIBRARY = "libc++";
				CLANG_ENABLE_MODULES = YES;
				CLANG_ENABLE_OBJC_ARC = YES;
				CLANG_ENABLE_OBJC_WEAK = YES;
				CLANG_WARN_BLOCK_CAPTURE_AUTORELEASING = YES;
				CLANG_WARN_BOOL_CONVERSION = YES;
				CLANG_WARN_COMMA = YES;
				CLANG_WARN_CONSTANT_CONVERSION = YES;
				CLANG_WARN_DEPRECATED_OBJC_IMPLEMENTATIONS = YES;
				CLANG_WARN_DIRECT_OBJC_ISA_USAGE = YES_ERROR;
				CLANG_WARN_DOCUMENTATION_COMMENTS = YES;
				CLANG_WARN_EMPTY_BODY = YES;
				CLANG_WARN_ENUM_CONVERSION = YES;
				CLANG_WARN_INFINITE_RECURSION = YES;
				CLANG_WARN_INT_CONVERSION = YES;
				CLANG_WARN_NON_LITERAL_NULL_CONVERSION = YES;
				CLANG_WARN_OBJC_IMPLICIT_RETAIN_SELF = YES;
				CLANG_WARN_OBJC_LITERAL_CONVERSION = YES;
				CLANG_WARN_OBJC_ROOT_CLASS = YES_ERROR;
				CLANG_WARN_QUOTED_INCLUDE_IN_FRAMEWORK_HEADER = YES;
				CLANG_WARN_RANGE_LOOP_ANALYSIS = YES;
				CLANG_WARN_STRICT_PROTOTYPES = YES;
				CLANG_WARN_SUSPICIOUS_MOVE = YES;
				CLANG_WARN_UNGUARDED_AVAILABILITY = YES_AGGRESSIVE;
				CLANG_WARN_UNREACHABLE_CODE = YES;
				CLANG_WARN__DUPLICATE_METHOD_MATCH = YES;
				COPY_PHASE_STRIP = NO;
				DEBUG_INFORMATION_FORMAT = "dwarf-with-dsym";
				ENABLE_NS_ASSERTIONS = NO;
				ENABLE_STRICT_OBJC_MSGSEND = YES;
				GCC_C_LANGUAGE_STANDARD = gnu11;
				GCC_NO_COMMON_BLOCKS = YES;
				GCC_WARN_64_TO_32_BIT_CONVERSION = YES;
				GCC_WARN_ABOUT_RETURN_TYPE = YES_ERROR;
				GCC_WARN_UNDECLARED_SELECTOR = YES;
				GCC_WARN_UNINITIALIZED_AUTOS = YES_AGGRESSIVE;
				GCC_WARN_UNUSED_FUNCTION = YES;
				GCC_WARN_UNUSED_VARIABLE = YES;
				IPHONEOS_DEPLOYMENT_TARGET = 14.1;
				MTL_ENABLE_DEBUG_INFO = NO;
				MTL_FAST_MATH = YES;
				SDKROOT = iphoneos;
				SWIFT_COMPILATION_MODE = wholemodule;
				SWIFT_OPTIMIZATION_LEVEL = "-O";
				VALIDATE_PRODUCT = YES;
			};
			name = Release;
		};
		6FDE2F2B267CD4090082FE21 /* Debug */ = {
			isa = XCBuildConfiguration;
			buildSettings = {
				ASSETCATALOG_COMPILER_APPICON_NAME = AppIcon;
				ASSETCATALOG_COMPILER_GLOBAL_ACCENT_COLOR_NAME = AccentColor;
				CODE_SIGN_STYLE = Automatic;
				DEVELOPMENT_TEAM = UNQSKV38B2;
				INFOPLIST_FILE = "Random Users/Info.plist";
				IPHONEOS_DEPLOYMENT_TARGET = 14.1;
				LD_RUNPATH_SEARCH_PATHS = (
					"$(inherited)",
					"@executable_path/Frameworks",
				);
				PRODUCT_BUNDLE_IDENTIFIER = "com.ossab98.Random-Users";
				PRODUCT_NAME = "$(TARGET_NAME)";
				SWIFT_VERSION = 5.0;
				TARGETED_DEVICE_FAMILY = "1,2";
			};
			name = Debug;
		};
		6FDE2F2C267CD4090082FE21 /* Release */ = {
			isa = XCBuildConfiguration;
			buildSettings = {
				ASSETCATALOG_COMPILER_APPICON_NAME = AppIcon;
				ASSETCATALOG_COMPILER_GLOBAL_ACCENT_COLOR_NAME = AccentColor;
				CODE_SIGN_STYLE = Automatic;
				DEVELOPMENT_TEAM = UNQSKV38B2;
				INFOPLIST_FILE = "Random Users/Info.plist";
				IPHONEOS_DEPLOYMENT_TARGET = 14.1;
				LD_RUNPATH_SEARCH_PATHS = (
					"$(inherited)",
					"@executable_path/Frameworks",
				);
				PRODUCT_BUNDLE_IDENTIFIER = "com.ossab98.Random-Users";
				PRODUCT_NAME = "$(TARGET_NAME)";
				SWIFT_VERSION = 5.0;
				TARGETED_DEVICE_FAMILY = "1,2";
			};
			name = Release;
		};
/* End XCBuildConfiguration section */

/* Begin XCConfigurationList section */
		6FDE2F11267CD4070082FE21 /* Build configuration list for PBXProject "Random Users" */ = {
			isa = XCConfigurationList;
			buildConfigurations = (
				6FDE2F28267CD4090082FE21 /* Debug */,
				6FDE2F29267CD4090082FE21 /* Release */,
			);
			defaultConfigurationIsVisible = 0;
			defaultConfigurationName = Release;
		};
		6FDE2F2A267CD4090082FE21 /* Build configuration list for PBXNativeTarget "Random Users" */ = {
			isa = XCConfigurationList;
			buildConfigurations = (
				6FDE2F2B267CD4090082FE21 /* Debug */,
				6FDE2F2C267CD4090082FE21 /* Release */,
			);
			defaultConfigurationIsVisible = 0;
			defaultConfigurationName = Release;
		};
/* End XCConfigurationList section */
	};
	rootObject = 6FDE2F0E267CD4070082FE21 /* Project object */;
}
