// !$*UTF8*$!
{
	archiveVersion = 1;
	classes = {
	};
	objectVersion = 51;
	objects = {

/* Begin PBXBuildFile section */
		55C151ACDE024D37FE4A92CB /* Pods_Random_Users.framework in Frameworks */ = {isa = PBXBuildFile; fileRef = EB15C6CEC4CC7F1AA6078CEC /* Pods_Random_Users.framework */; };
		6F4F5F68267E6F16001A5B09 /* MapKit-Extention.swift in Sources */ = {isa = PBXBuildFile; fileRef = 6F4F5F67267E6F16001A5B09 /* MapKit-Extention.swift */; };
		6F4F5F6A267E7467001A5B09 /* UIViewController-Extention.swift in Sources */ = {isa = PBXBuildFile; fileRef = 6F4F5F69267E7467001A5B09 /* UIViewController-Extention.swift */; };
		6F4F5F6C267E7A16001A5B09 /* String-Extention.swift in Sources */ = {isa = PBXBuildFile; fileRef = 6F4F5F6B267E7A16001A5B09 /* String-Extention.swift */; };
		6F4F5F6F267E8E61001A5B09 /* UserDetailsController.swift in Sources */ = {isa = PBXBuildFile; fileRef = 6F4F5F6E267E8E61001A5B09 /* UserDetailsController.swift */; };
		6FD0F91A267D57D800F7301B /* CollectionController.swift in Sources */ = {isa = PBXBuildFile; fileRef = 6FD0F919267D57D800F7301B /* CollectionController.swift */; };
		6FD0F91C267D57E700F7301B /* CollectionCell.swift in Sources */ = {isa = PBXBuildFile; fileRef = 6FD0F91B267D57E700F7301B /* CollectionCell.swift */; };
		6FD0F91E267D5CCA00F7301B /* UICollectionView-Extention.swift in Sources */ = {isa = PBXBuildFile; fileRef = 6FD0F91D267D5CCA00F7301B /* UICollectionView-Extention.swift */; };
		6FD0F920267D5E1900F7301B /* Public-Extentions.swift in Sources */ = {isa = PBXBuildFile; fileRef = 6FD0F91F267D5E1900F7301B /* Public-Extentions.swift */; };
		6FDE2F1A267CD4070082FE21 /* AppDelegate.swift in Sources */ = {isa = PBXBuildFile; fileRef = 6FDE2F19267CD4070082FE21 /* AppDelegate.swift */; };
		6FDE2F1C267CD4070082FE21 /* SceneDelegate.swift in Sources */ = {isa = PBXBuildFile; fileRef = 6FDE2F1B267CD4070082FE21 /* SceneDelegate.swift */; };
		6FDE2F1E267CD4070082FE21 /* HomeController.swift in Sources */ = {isa = PBXBuildFile; fileRef = 6FDE2F1D267CD4070082FE21 /* HomeController.swift */; };
		6FDE2F21267CD4070082FE21 /* Main.storyboard in Resources */ = {isa = PBXBuildFile; fileRef = 6FDE2F1F267CD4070082FE21 /* Main.storyboard */; };
		6FDE2F23267CD4090082FE21 /* Assets.xcassets in Resources */ = {isa = PBXBuildFile; fileRef = 6FDE2F22267CD4090082FE21 /* Assets.xcassets */; };
		6FDE2F26267CD4090082FE21 /* LaunchScreen.storyboard in Resources */ = {isa = PBXBuildFile; fileRef = 6FDE2F24267CD4090082FE21 /* LaunchScreen.storyboard */; };
		6FDE2F32267CD54B0082FE21 /* Poppins-Medium.ttf in Resources */ = {isa = PBXBuildFile; fileRef = 6FDE2F2E267CD54B0082FE21 /* Poppins-Medium.ttf */; };
		6FDE2F33267CD54B0082FE21 /* Poppins-Regular.ttf in Resources */ = {isa = PBXBuildFile; fileRef = 6FDE2F2F267CD54B0082FE21 /* Poppins-Regular.ttf */; };
		6FDE2F34267CD54B0082FE21 /* Poppins-Bold.ttf in Resources */ = {isa = PBXBuildFile; fileRef = 6FDE2F30267CD54B0082FE21 /* Poppins-Bold.ttf */; };
		6FDE2F35267CD54B0082FE21 /* Poppins-SemiBold.ttf in Resources */ = {isa = PBXBuildFile; fileRef = 6FDE2F31267CD54B0082FE21 /* Poppins-SemiBold.ttf */; };
		6FDE2F42267CD5690082FE21 /* Config.swift in Sources */ = {isa = PBXBuildFile; fileRef = 6FDE2F3C267CD5690082FE21 /* Config.swift */; };
		6FDE2F44267CD5690082FE21 /* UIAlert-Extention.swift in Sources */ = {isa = PBXBuildFile; fileRef = 6FDE2F3F267CD5690082FE21 /* UIAlert-Extention.swift */; };
		6FDE2F45267CD5690082FE21 /* UIActivityIndicator-Extention.swift in Sources */ = {isa = PBXBuildFile; fileRef = 6FDE2F40267CD5690082FE21 /* UIActivityIndicator-Extention.swift */; };
		6FDE2F46267CD5690082FE21 /* UITableView-Extention.swift in Sources */ = {isa = PBXBuildFile; fileRef = 6FDE2F41267CD5690082FE21 /* UITableView-Extention.swift */; };
		6FDE2F4B267CFDC70082FE21 /* TableController.swift in Sources */ = {isa = PBXBuildFile; fileRef = 6FDE2F4A267CFDC70082FE21 /* TableController.swift */; };
		6FDE2F4D267CFDDA0082FE21 /* TableCell.swift in Sources */ = {isa = PBXBuildFile; fileRef = 6FDE2F4C267CFDDA0082FE21 /* TableCell.swift */; };
		6FDE2F6B267D0D210082FE21 /* Connectivity.swift in Sources */ = {isa = PBXBuildFile; fileRef = 6FDE2F69267D0D210082FE21 /* Connectivity.swift */; };
		6FDE2F6C267D0D210082FE21 /* NetworkHandler.swift in Sources */ = {isa = PBXBuildFile; fileRef = 6FDE2F6A267D0D210082FE21 /* NetworkHandler.swift */; };
		6FDE2F9C267D223C0082FE21 /* Location.swift in Sources */ = {isa = PBXBuildFile; fileRef = 6FDE2F8F267D223C0082FE21 /* Location.swift */; };
		6FDE2F9D267D223C0082FE21 /* Picture.swift in Sources */ = {isa = PBXBuildFile; fileRef = 6FDE2F90267D223C0082FE21 /* Picture.swift */; };
		6FDE2F9E267D223C0082FE21 /* Id.swift in Sources */ = {isa = PBXBuildFile; fileRef = 6FDE2F91267D223C0082FE21 /* Id.swift */; };
		6FDE2F9F267D223C0082FE21 /* Login.swift in Sources */ = {isa = PBXBuildFile; fileRef = 6FDE2F92267D223C0082FE21 /* Login.swift */; };
		6FDE2FA0267D223C0082FE21 /* Info.swift in Sources */ = {isa = PBXBuildFile; fileRef = 6FDE2F93267D223C0082FE21 /* Info.swift */; };
		6FDE2FA1267D223C0082FE21 /* Street.swift in Sources */ = {isa = PBXBuildFile; fileRef = 6FDE2F94267D223C0082FE21 /* Street.swift */; };
		6FDE2FA2267D223C0082FE21 /* UserModel.swift in Sources */ = {isa = PBXBuildFile; fileRef = 6FDE2F95267D223C0082FE21 /* UserModel.swift */; };
		6FDE2FA3267D223C0082FE21 /* Dob.swift in Sources */ = {isa = PBXBuildFile; fileRef = 6FDE2F96267D223C0082FE21 /* Dob.swift */; };
		6FDE2FA4267D223C0082FE21 /* Timezone.swift in Sources */ = {isa = PBXBuildFile; fileRef = 6FDE2F97267D223C0082FE21 /* Timezone.swift */; };
		6FDE2FA5267D223C0082FE21 /* Name.swift in Sources */ = {isa = PBXBuildFile; fileRef = 6FDE2F98267D223C0082FE21 /* Name.swift */; };
		6FDE2FA6267D223C0082FE21 /* Results.swift in Sources */ = {isa = PBXBuildFile; fileRef = 6FDE2F99267D223C0082FE21 /* Results.swift */; };
		6FDE2FA7267D223C0082FE21 /* Coordinates.swift in Sources */ = {isa = PBXBuildFile; fileRef = 6FDE2F9A267D223C0082FE21 /* Coordinates.swift */; };
		6FDE2FA8267D223C0082FE21 /* Registered.swift in Sources */ = {isa = PBXBuildFile; fileRef = 6FDE2F9B267D223C0082FE21 /* Registered.swift */; };
/* End PBXBuildFile section */

/* Begin PBXFileReference section */
		05A48640243D563E94C5B2E8 /* Pods-Random Users.release.xcconfig */ = {isa = PBXFileReference; includeInIndex = 1; lastKnownFileType = text.xcconfig; name = "Pods-Random Users.release.xcconfig"; path = "Target Support Files/Pods-Random Users/Pods-Random Users.release.xcconfig"; sourceTree = "<group>"; };
		0F9FC054B8B3D33D7C2B3A78 /* Pods-Random Users.debug.xcconfig */ = {isa = PBXFileReference; includeInIndex = 1; lastKnownFileType = text.xcconfig; name = "Pods-Random Users.debug.xcconfig"; path = "Target Support Files/Pods-Random Users/Pods-Random Users.debug.xcconfig"; sourceTree = "<group>"; };
		6F4F5F67267E6F16001A5B09 /* MapKit-Extention.swift */ = {isa = PBXFileReference; lastKnownFileType = sourcecode.swift; path = "MapKit-Extention.swift"; sourceTree = "<group>"; };
		6F4F5F69267E7467001A5B09 /* UIViewController-Extention.swift */ = {isa = PBXFileReference; lastKnownFileType = sourcecode.swift; path = "UIViewController-Extention.swift"; sourceTree = "<group>"; };
		6F4F5F6B267E7A16001A5B09 /* String-Extention.swift */ = {isa = PBXFileReference; lastKnownFileType = sourcecode.swift; path = "String-Extention.swift"; sourceTree = "<group>"; };
		6F4F5F6E267E8E61001A5B09 /* UserDetailsController.swift */ = {isa = PBXFileReference; lastKnownFileType = sourcecode.swift; path = UserDetailsController.swift; sourceTree = "<group>"; };
		6FD0F919267D57D800F7301B /* CollectionController.swift */ = {isa = PBXFileReference; lastKnownFileType = sourcecode.swift; path = CollectionController.swift; sourceTree = "<group>"; };
		6FD0F91B267D57E700F7301B /* CollectionCell.swift */ = {isa = PBXFileReference; lastKnownFileType = sourcecode.swift; path = CollectionCell.swift; sourceTree = "<group>"; };
		6FD0F91D267D5CCA00F7301B /* UICollectionView-Extention.swift */ = {isa = PBXFileReference; lastKnownFileType = sourcecode.swift; path = "UICollectionView-Extention.swift"; sourceTree = "<group>"; };
		6FD0F91F267D5E1900F7301B /* Public-Extentions.swift */ = {isa = PBXFileReference; lastKnownFileType = sourcecode.swift; path = "Public-Extentions.swift"; sourceTree = "<group>"; };
		6FDE2F16267CD4070082FE21 /* Random Users.app */ = {isa = PBXFileReference; explicitFileType = wrapper.application; includeInIndex = 0; path = "Random Users.app"; sourceTree = BUILT_PRODUCTS_DIR; };
		6FDE2F19267CD4070082FE21 /* AppDelegate.swift */ = {isa = PBXFileReference; lastKnownFileType = sourcecode.swift; path = AppDelegate.swift; sourceTree = "<group>"; };
		6FDE2F1B267CD4070082FE21 /* SceneDelegate.swift */ = {isa = PBXFileReference; lastKnownFileType = sourcecode.swift; path = SceneDelegate.swift; sourceTree = "<group>"; };
		6FDE2F1D267CD4070082FE21 /* HomeController.swift */ = {isa = PBXFileReference; lastKnownFileType = sourcecode.swift; path = HomeController.swift; sourceTree = "<group>"; };
		6FDE2F20267CD4070082FE21 /* Base */ = {isa = PBXFileReference; lastKnownFileType = file.storyboard; name = Base; path = Base.lproj/Main.storyboard; sourceTree = "<group>"; };
		6FDE2F22267CD4090082FE21 /* Assets.xcassets */ = {isa = PBXFileReference; lastKnownFileType = folder.assetcatalog; path = Assets.xcassets; sourceTree = "<group>"; };
		6FDE2F25267CD4090082FE21 /* Base */ = {isa = PBXFileReference; lastKnownFileType = file.storyboard; name = Base; path = Base.lproj/LaunchScreen.storyboard; sourceTree = "<group>"; };
		6FDE2F27267CD4090082FE21 /* Info.plist */ = {isa = PBXFileReference; lastKnownFileType = text.plist.xml; path = Info.plist; sourceTree = "<group>"; };
		6FDE2F2E267CD54B0082FE21 /* Poppins-Medium.ttf */ = {isa = PBXFileReference; lastKnownFileType = file; path = "Poppins-Medium.ttf"; sourceTree = "<group>"; };
		6FDE2F2F267CD54B0082FE21 /* Poppins-Regular.ttf */ = {isa = PBXFileReference; lastKnownFileType = file; path = "Poppins-Regular.ttf"; sourceTree = "<group>"; };
		6FDE2F30267CD54B0082FE21 /* Poppins-Bold.ttf */ = {isa = PBXFileReference; lastKnownFileType = file; path = "Poppins-Bold.ttf"; sourceTree = "<group>"; };
		6FDE2F31267CD54B0082FE21 /* Poppins-SemiBold.ttf */ = {isa = PBXFileReference; lastKnownFileType = file; path = "Poppins-SemiBold.ttf"; sourceTree = "<group>"; };
		6FDE2F3C267CD5690082FE21 /* Config.swift */ = {isa = PBXFileReference; fileEncoding = 4; lastKnownFileType = sourcecode.swift; path = Config.swift; sourceTree = "<group>"; };
		6FDE2F3F267CD5690082FE21 /* UIAlert-Extention.swift */ = {isa = PBXFileReference; fileEncoding = 4; lastKnownFileType = sourcecode.swift; path = "UIAlert-Extention.swift"; sourceTree = "<group>"; };
		6FDE2F40267CD5690082FE21 /* UIActivityIndicator-Extention.swift */ = {isa = PBXFileReference; fileEncoding = 4; lastKnownFileType = sourcecode.swift; path = "UIActivityIndicator-Extention.swift"; sourceTree = "<group>"; };
		6FDE2F41267CD5690082FE21 /* UITableView-Extention.swift */ = {isa = PBXFileReference; fileEncoding = 4; lastKnownFileType = sourcecode.swift; path = "UITableView-Extention.swift"; sourceTree = "<group>"; };
		6FDE2F4A267CFDC70082FE21 /* TableController.swift */ = {isa = PBXFileReference; lastKnownFileType = sourcecode.swift; path = TableController.swift; sourceTree = "<group>"; };
		6FDE2F4C267CFDDA0082FE21 /* TableCell.swift */ = {isa = PBXFileReference; lastKnownFileType = sourcecode.swift; path = TableCell.swift; sourceTree = "<group>"; };
		6FDE2F69267D0D210082FE21 /* Connectivity.swift */ = {isa = PBXFileReference; fileEncoding = 4; lastKnownFileType = sourcecode.swift; path = Connectivity.swift; sourceTree = "<group>"; };
		6FDE2F6A267D0D210082FE21 /* NetworkHandler.swift */ = {isa = PBXFileReference; fileEncoding = 4; lastKnownFileType = sourcecode.swift; path = NetworkHandler.swift; sourceTree = "<group>"; };
		6FDE2F8F267D223C0082FE21 /* Location.swift */ = {isa = PBXFileReference; fileEncoding = 4; lastKnownFileType = sourcecode.swift; path = Location.swift; sourceTree = "<group>"; };
		6FDE2F90267D223C0082FE21 /* Picture.swift */ = {isa = PBXFileReference; fileEncoding = 4; lastKnownFileType = sourcecode.swift; path = Picture.swift; sourceTree = "<group>"; };
		6FDE2F91267D223C0082FE21 /* Id.swift */ = {isa = PBXFileReference; fileEncoding = 4; lastKnownFileType = sourcecode.swift; path = Id.swift; sourceTree = "<group>"; };
		6FDE2F92267D223C0082FE21 /* Login.swift */ = {isa = PBXFileReference; fileEncoding = 4; lastKnownFileType = sourcecode.swift; path = Login.swift; sourceTree = "<group>"; };
		6FDE2F93267D223C0082FE21 /* Info.swift */ = {isa = PBXFileReference; fileEncoding = 4; lastKnownFileType = sourcecode.swift; path = Info.swift; sourceTree = "<group>"; };
		6FDE2F94267D223C0082FE21 /* Street.swift */ = {isa = PBXFileReference; fileEncoding = 4; lastKnownFileType = sourcecode.swift; path = Street.swift; sourceTree = "<group>"; };
		6FDE2F95267D223C0082FE21 /* UserModel.swift */ = {isa = PBXFileReference; fileEncoding = 4; lastKnownFileType = sourcecode.swift; path = UserModel.swift; sourceTree = "<group>"; };
		6FDE2F96267D223C0082FE21 /* Dob.swift */ = {isa = PBXFileReference; fileEncoding = 4; lastKnownFileType = sourcecode.swift; path = Dob.swift; sourceTree = "<group>"; };
		6FDE2F97267D223C0082FE21 /* Timezone.swift */ = {isa = PBXFileReference; fileEncoding = 4; lastKnownFileType = sourcecode.swift; path = Timezone.swift; sourceTree = "<group>"; };
		6FDE2F98267D223C0082FE21 /* Name.swift */ = {isa = PBXFileReference; fileEncoding = 4; lastKnownFileType = sourcecode.swift; path = Name.swift; sourceTree = "<group>"; };
		6FDE2F99267D223C0082FE21 /* Results.swift */ = {isa = PBXFileReference; fileEncoding = 4; lastKnownFileType = sourcecode.swift; path = Results.swift; sourceTree = "<group>"; };
		6FDE2F9A267D223C0082FE21 /* Coordinates.swift */ = {isa = PBXFileReference; fileEncoding = 4; lastKnownFileType = sourcecode.swift; path = Coordinates.swift; sourceTree = "<group>"; };
		6FDE2F9B267D223C0082FE21 /* Registered.swift */ = {isa = PBXFileReference; fileEncoding = 4; lastKnownFileType = sourcecode.swift; path = Registered.swift; sourceTree = "<group>"; };
		EB15C6CEC4CC7F1AA6078CEC /* Pods_Random_Users.framework */ = {isa = PBXFileReference; explicitFileType = wrapper.framework; includeInIndex = 0; path = Pods_Random_Users.framework; sourceTree = BUILT_PRODUCTS_DIR; };
/* End PBXFileReference section */

/* Begin PBXFrameworksBuildPhase section */
		6FDE2F13267CD4070082FE21 /* Frameworks */ = {
			isa = PBXFrameworksBuildPhase;
			buildActionMask = 2147483647;
			files = (
				55C151ACDE024D37FE4A92CB /* Pods_Random_Users.framework in Frameworks */,
			);
			runOnlyForDeploymentPostprocessing = 0;
		};
/* End PBXFrameworksBuildPhase section */

/* Begin PBXGroup section */
		6F4F5F6D267E8E0B001A5B09 /* User Details Controller */ = {
			isa = PBXGroup;
			children = (
				6F4F5F6E267E8E61001A5B09 /* UserDetailsController.swift */,
			);
			path = "User Details Controller";
			sourceTree = "<group>";
		};
		6FD0F918267D57C300F7301B /* Collection Controller */ = {
			isa = PBXGroup;
			children = (
				6FD0F919267D57D800F7301B /* CollectionController.swift */,
				6FD0F91B267D57E700F7301B /* CollectionCell.swift */,
			);
			path = "Collection Controller";
			sourceTree = "<group>";
		};
		6FDE2F0D267CD4070082FE21 = {
			isa = PBXGroup;
			children = (
				6FDE2F18267CD4070082FE21 /* Random Users */,
				6FDE2F17267CD4070082FE21 /* Products */,
				B59D2EAA0DFDEDA2BACC7F7C /* Pods */,
				72A7EF8330BC0A3AF98A9EF5 /* Frameworks */,
			);
			sourceTree = "<group>";
		};
		6FDE2F17267CD4070082FE21 /* Products */ = {
			isa = PBXGroup;
			children = (
				6FDE2F16267CD4070082FE21 /* Random Users.app */,
			);
			name = Products;
			sourceTree = "<group>";
		};
		6FDE2F18267CD4070082FE21 /* Random Users */ = {
			isa = PBXGroup;
			children = (
				6FDE2F2D267CD54B0082FE21 /* Poppins Font */,
				6FDE2F3D267CD5690082FE21 /* Extensions */,
				6FDE2F68267D0D210082FE21 /* Network */,
				6FDE2F4E267D0B1C0082FE21 /* Models */,
				6FDE2F47267CDDB30082FE21 /* Views */,
				6FDE2F48267CEF460082FE21 /* Home Controller */,
				6FDE2F49267CFDA60082FE21 /* Table Controller */,
				6FD0F918267D57C300F7301B /* Collection Controller */,
				6F4F5F6D267E8E0B001A5B09 /* User Details Controller */,
				6FDE2F3B267CD5690082FE21 /* Util */,
				6FDE2F19267CD4070082FE21 /* AppDelegate.swift */,
				6FDE2F1B267CD4070082FE21 /* SceneDelegate.swift */,
				6FDE2F27267CD4090082FE21 /* Info.plist */,
			);
			path = "Random Users";
			sourceTree = "<group>";
		};
		6FDE2F2D267CD54B0082FE21 /* Poppins Font */ = {
			isa = PBXGroup;
			children = (
				6FDE2F2F267CD54B0082FE21 /* Poppins-Regular.ttf */,
				6FDE2F2E267CD54B0082FE21 /* Poppins-Medium.ttf */,
				6FDE2F31267CD54B0082FE21 /* Poppins-SemiBold.ttf */,
				6FDE2F30267CD54B0082FE21 /* Poppins-Bold.ttf */,
			);
			path = "Poppins Font";
			sourceTree = "<group>";
		};
		6FDE2F3B267CD5690082FE21 /* Util */ = {
			isa = PBXGroup;
			children = (
				6FDE2F3C267CD5690082FE21 /* Config.swift */,
			);
			path = Util;
			sourceTree = "<group>";
		};
		6FDE2F3D267CD5690082FE21 /* Extensions */ = {
			isa = PBXGroup;
			children = (
				6FDE2F3F267CD5690082FE21 /* UIAlert-Extention.swift */,
				6FDE2F40267CD5690082FE21 /* UIActivityIndicator-Extention.swift */,
				6FDE2F41267CD5690082FE21 /* UITableView-Extention.swift */,
				6FD0F91D267D5CCA00F7301B /* UICollectionView-Extention.swift */,
				6FD0F91F267D5E1900F7301B /* Public-Extentions.swift */,
				6F4F5F67267E6F16001A5B09 /* MapKit-Extention.swift */,
				6F4F5F69267E7467001A5B09 /* UIViewController-Extention.swift */,
				6F4F5F6B267E7A16001A5B09 /* String-Extention.swift */,
			);
			path = Extensions;
			sourceTree = "<group>";
		};
		6FDE2F47267CDDB30082FE21 /* Views */ = {
			isa = PBXGroup;
			children = (
				6FDE2F1F267CD4070082FE21 /* Main.storyboard */,
				6FDE2F22267CD4090082FE21 /* Assets.xcassets */,
				6FDE2F24267CD4090082FE21 /* LaunchScreen.storyboard */,
			);
			path = Views;
			sourceTree = "<group>";
		};
		6FDE2F48267CEF460082FE21 /* Home Controller */ = {
			isa = PBXGroup;
			children = (
				6FDE2F1D267CD4070082FE21 /* HomeController.swift */,
			);
			path = "Home Controller";
			sourceTree = "<group>";
		};
		6FDE2F49267CFDA60082FE21 /* Table Controller */ = {
			isa = PBXGroup;
			children = (
				6FDE2F4A267CFDC70082FE21 /* TableController.swift */,
				6FDE2F4C267CFDDA0082FE21 /* TableCell.swift */,
			);
			path = "Table Controller";
			sourceTree = "<group>";
		};
		6FDE2F4E267D0B1C0082FE21 /* Models */ = {
			isa = PBXGroup;
			children = (
				6FDE2F8E267D223C0082FE21 /* UserModel */,
			);
			path = Models;
			sourceTree = "<group>";
		};
		6FDE2F68267D0D210082FE21 /* Network */ = {
			isa = PBXGroup;
			children = (
				6FDE2F69267D0D210082FE21 /* Connectivity.swift */,
				6FDE2F6A267D0D210082FE21 /* NetworkHandler.swift */,
			);
			path = Network;
			sourceTree = "<group>";
		};
		6FDE2F8E267D223C0082FE21 /* UserModel */ = {
			isa = PBXGroup;
			children = (
				6FDE2F95267D223C0082FE21 /* UserModel.swift */,
				6FDE2F93267D223C0082FE21 /* Info.swift */,
				6FDE2F99267D223C0082FE21 /* Results.swift */,
				6FDE2F98267D223C0082FE21 /* Name.swift */,
				6FDE2F8F267D223C0082FE21 /* Location.swift */,
				6FDE2F92267D223C0082FE21 /* Login.swift */,
				6FDE2F96267D223C0082FE21 /* Dob.swift */,
				6FDE2F9B267D223C0082FE21 /* Registered.swift */,
				6FDE2F91267D223C0082FE21 /* Id.swift */,
				6FDE2F90267D223C0082FE21 /* Picture.swift */,
				6FDE2F94267D223C0082FE21 /* Street.swift */,
				6FDE2F9A267D223C0082FE21 /* Coordinates.swift */,
				6FDE2F97267D223C0082FE21 /* Timezone.swift */,
			);
			path = UserModel;
			sourceTree = "<group>";
		};
		72A7EF8330BC0A3AF98A9EF5 /* Frameworks */ = {
			isa = PBXGroup;
			children = (
				EB15C6CEC4CC7F1AA6078CEC /* Pods_Random_Users.framework */,
			);
			name = Frameworks;
			sourceTree = "<group>";
		};
		B59D2EAA0DFDEDA2BACC7F7C /* Pods */ = {
			isa = PBXGroup;
			children = (
				0F9FC054B8B3D33D7C2B3A78 /* Pods-Random Users.debug.xcconfig */,
				05A48640243D563E94C5B2E8 /* Pods-Random Users.release.xcconfig */,
			);
			path = Pods;
			sourceTree = "<group>";
		};
/* End PBXGroup section */

/* Begin PBXNativeTarget section */
		6FDE2F15267CD4070082FE21 /* Random Users */ = {
			isa = PBXNativeTarget;
			buildConfigurationList = 6FDE2F2A267CD4090082FE21 /* Build configuration list for PBXNativeTarget "Random Users" */;
			buildPhases = (
				FBECFEF1AFA6BF0F92AB11D6 /* [CP] Check Pods Manifest.lock */,
				6FDE2F12267CD4070082FE21 /* Sources */,
				6FDE2F13267CD4070082FE21 /* Frameworks */,
				6FDE2F14267CD4070082FE21 /* Resources */,
				412B7D98C1F102DDE7CDC022 /* [CP] Embed Pods Frameworks */,
			);
			buildRules = (
			);
			dependencies = (
			);
			name = "Random Users";
			productName = "Random Users";
			productReference = 6FDE2F16267CD4070082FE21 /* Random Users.app */;
			productType = "com.apple.product-type.application";
		};
/* End PBXNativeTarget section */

/* Begin PBXProject section */
		6FDE2F0E267CD4070082FE21 /* Project object */ = {
			isa = PBXProject;
			attributes = {
				LastSwiftUpdateCheck = 1250;
				LastUpgradeCheck = 1250;
				TargetAttributes = {
					6FDE2F15267CD4070082FE21 = {
						CreatedOnToolsVersion = 12.5;
					};
				};
			};
			buildConfigurationList = 6FDE2F11267CD4070082FE21 /* Build configuration list for PBXProject "Random Users" */;
			compatibilityVersion = "Xcode 9.3";
			developmentRegion = en;
			hasScannedForEncodings = 0;
			knownRegions = (
				en,
				Base,
			);
			mainGroup = 6FDE2F0D267CD4070082FE21;
			productRefGroup = 6FDE2F17267CD4070082FE21 /* Products */;
			projectDirPath = "";
			projectRoot = "";
			targets = (
				6FDE2F15267CD4070082FE21 /* Random Users */,
			);
		};
/* End PBXProject section */

/* Begin PBXResourcesBuildPhase section */
		6FDE2F14267CD4070082FE21 /* Resources */ = {
			isa = PBXResourcesBuildPhase;
			buildActionMask = 2147483647;
			files = (
				6FDE2F26267CD4090082FE21 /* LaunchScreen.storyboard in Resources */,
				6FDE2F35267CD54B0082FE21 /* Poppins-SemiBold.ttf in Resources */,
				6FDE2F34267CD54B0082FE21 /* Poppins-Bold.ttf in Resources */,
				6FDE2F32267CD54B0082FE21 /* Poppins-Medium.ttf in Resources */,
				6FDE2F23267CD4090082FE21 /* Assets.xcassets in Resources */,
				6FDE2F21267CD4070082FE21 /* Main.storyboard in Resources */,
				6FDE2F33267CD54B0082FE21 /* Poppins-Regular.ttf in Resources */,
			);
			runOnlyForDeploymentPostprocessing = 0;
		};
/* End PBXResourcesBuildPhase section */

/* Begin PBXShellScriptBuildPhase section */
		412B7D98C1F102DDE7CDC022 /* [CP] Embed Pods Frameworks */ = {
			isa = PBXShellScriptBuildPhase;
			buildActionMask = 2147483647;
			files = (
			);
			inputFileListPaths = (
				"${PODS_ROOT}/Target Support Files/Pods-Random Users/Pods-Random Users-frameworks-${CONFIGURATION}-input-files.xcfilelist",
			);
			name = "[CP] Embed Pods Frameworks";
			outputFileListPaths = (
				"${PODS_ROOT}/Target Support Files/Pods-Random Users/Pods-Random Users-frameworks-${CONFIGURATION}-output-files.xcfilelist",
			);
			runOnlyForDeploymentPostprocessing = 0;
			shellPath = /bin/sh;
			shellScript = "\"${PODS_ROOT}/Target Support Files/Pods-Random Users/Pods-Random Users-frameworks.sh\"\n";
			showEnvVarsInLog = 0;
		};
		FBECFEF1AFA6BF0F92AB11D6 /* [CP] Check Pods Manifest.lock */ = {
			isa = PBXShellScriptBuildPhase;
			buildActionMask = 2147483647;
			files = (
			);
			inputFileListPaths = (
			);
			inputPaths = (
				"${PODS_PODFILE_DIR_PATH}/Podfile.lock",
				"${PODS_ROOT}/Manifest.lock",
			);
			name = "[CP] Check Pods Manifest.lock";
			outputFileListPaths = (
			);
			outputPaths = (
				"$(DERIVED_FILE_DIR)/Pods-Random Users-checkManifestLockResult.txt",
			);
			runOnlyForDeploymentPostprocessing = 0;
			shellPath = /bin/sh;
			shellScript = "diff \"${PODS_PODFILE_DIR_PATH}/Podfile.lock\" \"${PODS_ROOT}/Manifest.lock\" > /dev/null\nif [ $? != 0 ] ; then\n    # print error to STDERR\n    echo \"error: The sandbox is not in sync with the Podfile.lock. Run 'pod install' or update your CocoaPods installation.\" >&2\n    exit 1\nfi\n# This output is used by Xcode 'outputs' to avoid re-running this script phase.\necho \"SUCCESS\" > \"${SCRIPT_OUTPUT_FILE_0}\"\n";
			showEnvVarsInLog = 0;
		};
/* End PBXShellScriptBuildPhase section */

/* Begin PBXSourcesBuildPhase section */
		6FDE2F12267CD4070082FE21 /* Sources */ = {
			isa = PBXSourcesBuildPhase;
			buildActionMask = 2147483647;
			files = (
				6FDE2F4D267CFDDA0082FE21 /* TableCell.swift in Sources */,
				6FDE2F1E267CD4070082FE21 /* HomeController.swift in Sources */,
				6FDE2F9D267D223C0082FE21 /* Picture.swift in Sources */,
				6FDE2F6C267D0D210082FE21 /* NetworkHandler.swift in Sources */,
				6FDE2FA7267D223C0082FE21 /* Coordinates.swift in Sources */,
				6F4F5F68267E6F16001A5B09 /* MapKit-Extention.swift in Sources */,
				6FDE2FA5267D223C0082FE21 /* Name.swift in Sources */,
				6FDE2F9E267D223C0082FE21 /* Id.swift in Sources */,
				6F4F5F6C267E7A16001A5B09 /* String-Extention.swift in Sources */,
				6FDE2FA8267D223C0082FE21 /* Registered.swift in Sources */,
				6FD0F91A267D57D800F7301B /* CollectionController.swift in Sources */,
				6FDE2F9C267D223C0082FE21 /* Location.swift in Sources */,
				6FD0F91E267D5CCA00F7301B /* UICollectionView-Extention.swift in Sources */,
				6FDE2FA0267D223C0082FE21 /* Info.swift in Sources */,
				6FDE2F44267CD5690082FE21 /* UIAlert-Extention.swift in Sources */,
				6FDE2F1A267CD4070082FE21 /* AppDelegate.swift in Sources */,
				6FDE2FA3267D223C0082FE21 /* Dob.swift in Sources */,
				6FDE2FA1267D223C0082FE21 /* Street.swift in Sources */,
				6FD0F91C267D57E700F7301B /* CollectionCell.swift in Sources */,
				6FDE2F9F267D223C0082FE21 /* Login.swift in Sources */,
				6FDE2F46267CD5690082FE21 /* UITableView-Extention.swift in Sources */,
				6FDE2FA4267D223C0082FE21 /* Timezone.swift in Sources */,
				6F4F5F6A267E7467001A5B09 /* UIViewController-Extention.swift in Sources */,
				6FDE2FA6267D223C0082FE21 /* Results.swift in Sources */,
				6FDE2F4B267CFDC70082FE21 /* TableController.swift in Sources */,
				6FDE2F45267CD5690082FE21 /* UIActivityIndicator-Extention.swift in Sources */,
				6FD0F920267D5E1900F7301B /* Public-Extentions.swift in Sources */,
				6FDE2FA2267D223C0082FE21 /* UserModel.swift in Sources */,
				6FDE2F1C267CD4070082FE21 /* SceneDelegate.swift in Sources */,
				6FDE2F42267CD5690082FE21 /* Config.swift in Sources */,
				6FDE2F6B267D0D210082FE21 /* Connectivity.swift in Sources */,
				6F4F5F6F267E8E61001A5B09 /* UserDetailsController.swift in Sources */,
			);
			runOnlyForDeploymentPostprocessing = 0;
		};
/* End PBXSourcesBuildPhase section */

/* Begin PBXVariantGroup section */
		6FDE2F1F267CD4070082FE21 /* Main.storyboard */ = {
			isa = PBXVariantGroup;
			children = (
				6FDE2F20267CD4070082FE21 /* Base */,
			);
			name = Main.storyboard;
			sourceTree = "<group>";
		};
		6FDE2F24267CD4090082FE21 /* LaunchScreen.storyboard */ = {
			isa = PBXVariantGroup;
			children = (
				6FDE2F25267CD4090082FE21 /* Base */,
			);
			name = LaunchScreen.storyboard;
			sourceTree = "<group>";
		};
/* End PBXVariantGroup section */

/* Begin XCBuildConfiguration section */
		6FDE2F28267CD4090082FE21 /* Debug */ = {
			isa = XCBuildConfiguration;
			buildSettings = {
				ALWAYS_SEARCH_USER_PATHS = NO;
				CLANG_ANALYZER_NONNULL = YES;
				CLANG_ANALYZER_NUMBER_OBJECT_CONVERSION = YES_AGGRESSIVE;
				CLANG_CXX_LANGUAGE_STANDARD = "gnu++14";
				CLANG_CXX_LIBRARY = "libc++";
				CLANG_ENABLE_MODULES = YES;
				CLANG_ENABLE_OBJC_ARC = YES;
				CLANG_ENABLE_OBJC_WEAK = YES;
				CLANG_WARN_BLOCK_CAPTURE_AUTORELEASING = YES;
				CLANG_WARN_BOOL_CONVERSION = YES;
				CLANG_WARN_COMMA = YES;
				CLANG_WARN_CONSTANT_CONVERSION = YES;
				CLANG_WARN_DEPRECATED_OBJC_IMPLEMENTATIONS = YES;
				CLANG_WARN_DIRECT_OBJC_ISA_USAGE = YES_ERROR;
				CLANG_WARN_DOCUMENTATION_COMMENTS = YES;
				CLANG_WARN_EMPTY_BODY = YES;
				CLANG_WARN_ENUM_CONVERSION = YES;
				CLANG_WARN_INFINITE_RECURSION = YES;
				CLANG_WARN_INT_CONVERSION = YES;
				CLANG_WARN_NON_LITERAL_NULL_CONVERSION = YES;
				CLANG_WARN_OBJC_IMPLICIT_RETAIN_SELF = YES;
				CLANG_WARN_OBJC_LITERAL_CONVERSION = YES;
				CLANG_WARN_OBJC_ROOT_CLASS = YES_ERROR;
				CLANG_WARN_QUOTED_INCLUDE_IN_FRAMEWORK_HEADER = YES;
				CLANG_WARN_RANGE_LOOP_ANALYSIS = YES;
				CLANG_WARN_STRICT_PROTOTYPES = YES;
				CLANG_WARN_SUSPICIOUS_MOVE = YES;
				CLANG_WARN_UNGUARDED_AVAILABILITY = YES_AGGRESSIVE;
				CLANG_WARN_UNREACHABLE_CODE = YES;
				CLANG_WARN__DUPLICATE_METHOD_MATCH = YES;
				COPY_PHASE_STRIP = NO;
				DEBUG_INFORMATION_FORMAT = dwarf;
				ENABLE_STRICT_OBJC_MSGSEND = YES;
				ENABLE_TESTABILITY = YES;
				GCC_C_LANGUAGE_STANDARD = gnu11;
				GCC_DYNAMIC_NO_PIC = NO;
				GCC_NO_COMMON_BLOCKS = YES;
				GCC_OPTIMIZATION_LEVEL = 0;
				GCC_PREPROCESSOR_DEFINITIONS = (
					"DEBUG=1",
					"$(inherited)",
				);
				GCC_WARN_64_TO_32_BIT_CONVERSION = YES;
				GCC_WARN_ABOUT_RETURN_TYPE = YES_ERROR;
				GCC_WARN_UNDECLARED_SELECTOR = YES;
				GCC_WARN_UNINITIALIZED_AUTOS = YES_AGGRESSIVE;
				GCC_WARN_UNUSED_FUNCTION = YES;
				GCC_WARN_UNUSED_VARIABLE = YES;
				IPHONEOS_DEPLOYMENT_TARGET = 14.1;
				MTL_ENABLE_DEBUG_INFO = INCLUDE_SOURCE;
				MTL_FAST_MATH = YES;
				ONLY_ACTIVE_ARCH = YES;
				SDKROOT = iphoneos;
				SWIFT_ACTIVE_COMPILATION_CONDITIONS = DEBUG;
				SWIFT_OPTIMIZATION_LEVEL = "-Onone";
			};
			name = Debug;
		};
		6FDE2F29267CD4090082FE21 /* Release */ = {
			isa = XCBuildConfiguration;
			buildSettings = {
				ALWAYS_SEARCH_USER_PATHS = NO;
				CLANG_ANALYZER_NONNULL = YES;
				CLANG_ANALYZER_NUMBER_OBJECT_CONVERSION = YES_AGGRESSIVE;
				CLANG_CXX_LANGUAGE_STANDARD = "gnu++14";
				CLANG_CXX_LIBRARY = "libc++";
				CLANG_ENABLE_MODULES = YES;
				CLANG_ENABLE_OBJC_ARC = YES;
				CLANG_ENABLE_OBJC_WEAK = YES;
				CLANG_WARN_BLOCK_CAPTURE_AUTORELEASING = YES;
				CLANG_WARN_BOOL_CONVERSION = YES;
				CLANG_WARN_COMMA = YES;
				CLANG_WARN_CONSTANT_CONVERSION = YES;
				CLANG_WARN_DEPRECATED_OBJC_IMPLEMENTATIONS = YES;
				CLANG_WARN_DIRECT_OBJC_ISA_USAGE = YES_ERROR;
				CLANG_WARN_DOCUMENTATION_COMMENTS = YES;
				CLANG_WARN_EMPTY_BODY = YES;
				CLANG_WARN_ENUM_CONVERSION = YES;
				CLANG_WARN_INFINITE_RECURSION = YES;
				CLANG_WARN_INT_CONVERSION = YES;
				CLANG_WARN_NON_LITERAL_NULL_CONVERSION = YES;
				CLANG_WARN_OBJC_IMPLICIT_RETAIN_SELF = YES;
				CLANG_WARN_OBJC_LITERAL_CONVERSION = YES;
				CLANG_WARN_OBJC_ROOT_CLASS = YES_ERROR;
				CLANG_WARN_QUOTED_INCLUDE_IN_FRAMEWORK_HEADER = YES;
				CLANG_WARN_RANGE_LOOP_ANALYSIS = YES;
				CLANG_WARN_STRICT_PROTOTYPES = YES;
				CLANG_WARN_SUSPICIOUS_MOVE = YES;
				CLANG_WARN_UNGUARDED_AVAILABILITY = YES_AGGRESSIVE;
				CLANG_WARN_UNREACHABLE_CODE = YES;
				CLANG_WARN__DUPLICATE_METHOD_MATCH = YES;
				COPY_PHASE_STRIP = NO;
				DEBUG_INFORMATION_FORMAT = "dwarf-with-dsym";
				ENABLE_NS_ASSERTIONS = NO;
				ENABLE_STRICT_OBJC_MSGSEND = YES;
				GCC_C_LANGUAGE_STANDARD = gnu11;
				GCC_NO_COMMON_BLOCKS = YES;
				GCC_WARN_64_TO_32_BIT_CONVERSION = YES;
				GCC_WARN_ABOUT_RETURN_TYPE = YES_ERROR;
				GCC_WARN_UNDECLARED_SELECTOR = YES;
				GCC_WARN_UNINITIALIZED_AUTOS = YES_AGGRESSIVE;
				GCC_WARN_UNUSED_FUNCTION = YES;
				GCC_WARN_UNUSED_VARIABLE = YES;
				IPHONEOS_DEPLOYMENT_TARGET = 14.1;
				MTL_ENABLE_DEBUG_INFO = NO;
				MTL_FAST_MATH = YES;
				SDKROOT = iphoneos;
				SWIFT_COMPILATION_MODE = wholemodule;
				SWIFT_OPTIMIZATION_LEVEL = "-O";
				VALIDATE_PRODUCT = YES;
			};
			name = Release;
		};
		6FDE2F2B267CD4090082FE21 /* Debug */ = {
			isa = XCBuildConfiguration;
			baseConfigurationReference = 0F9FC054B8B3D33D7C2B3A78 /* Pods-Random Users.debug.xcconfig */;
			buildSettings = {
				ASSETCATALOG_COMPILER_APPICON_NAME = AppIcon;
				ASSETCATALOG_COMPILER_GLOBAL_ACCENT_COLOR_NAME = AccentColor;
				CODE_SIGN_STYLE = Automatic;
				DEVELOPMENT_TEAM = UNQSKV38B2;
				INFOPLIST_FILE = "Random Users/Info.plist";
				IPHONEOS_DEPLOYMENT_TARGET = 14.1;
				LD_RUNPATH_SEARCH_PATHS = (
					"$(inherited)",
					"@executable_path/Frameworks",
				);
				PRODUCT_BUNDLE_IDENTIFIER = "com.ossab98.Random-Users";
				PRODUCT_NAME = "$(TARGET_NAME)";
				SWIFT_VERSION = 5.0;
				TARGETED_DEVICE_FAMILY = "1,2";
			};
			name = Debug;
		};
		6FDE2F2C267CD4090082FE21 /* Release */ = {
			isa = XCBuildConfiguration;
			baseConfigurationReference = 05A48640243D563E94C5B2E8 /* Pods-Random Users.release.xcconfig */;
			buildSettings = {
				ASSETCATALOG_COMPILER_APPICON_NAME = AppIcon;
				ASSETCATALOG_COMPILER_GLOBAL_ACCENT_COLOR_NAME = AccentColor;
				CODE_SIGN_STYLE = Automatic;
				DEVELOPMENT_TEAM = UNQSKV38B2;
				INFOPLIST_FILE = "Random Users/Info.plist";
				IPHONEOS_DEPLOYMENT_TARGET = 14.1;
				LD_RUNPATH_SEARCH_PATHS = (
					"$(inherited)",
					"@executable_path/Frameworks",
				);
				PRODUCT_BUNDLE_IDENTIFIER = "com.ossab98.Random-Users";
				PRODUCT_NAME = "$(TARGET_NAME)";
				SWIFT_VERSION = 5.0;
				TARGETED_DEVICE_FAMILY = "1,2";
			};
			name = Release;
		};
/* End XCBuildConfiguration section */

/* Begin XCConfigurationList section */
		6FDE2F11267CD4070082FE21 /* Build configuration list for PBXProject "Random Users" */ = {
			isa = XCConfigurationList;
			buildConfigurations = (
				6FDE2F28267CD4090082FE21 /* Debug */,
				6FDE2F29267CD4090082FE21 /* Release */,
			);
			defaultConfigurationIsVisible = 0;
			defaultConfigurationName = Release;
		};
		6FDE2F2A267CD4090082FE21 /* Build configuration list for PBXNativeTarget "Random Users" */ = {
			isa = XCConfigurationList;
			buildConfigurations = (
				6FDE2F2B267CD4090082FE21 /* Debug */,
				6FDE2F2C267CD4090082FE21 /* Release */,
			);
			defaultConfigurationIsVisible = 0;
			defaultConfigurationName = Release;
		};
/* End XCConfigurationList section */
	};
	rootObject = 6FDE2F0E267CD4070082FE21 /* Project object */;
}
